// !$*UTF8*$!
{
	archiveVersion = 1;
	classes = {
	};
	objectVersion = 56;
	objects = {

/* Begin PBXBuildFile section */
		C7C78EFF2D46BD29007116D0 /* AppDelegate.swift in Sources */ = {isa = PBXBuildFile; fileRef = C7C78EFE2D46BD29007116D0 /* AppDelegate.swift */; };
		C7C78F012D46BD29007116D0 /* SceneDelegate.swift in Sources */ = {isa = PBXBuildFile; fileRef = C7C78F002D46BD29007116D0 /* SceneDelegate.swift */; };
		C7C78F032D46BD29007116D0 /* ViewController.swift in Sources */ = {isa = PBXBuildFile; fileRef = C7C78F022D46BD29007116D0 /* ViewController.swift */; };
		C7C78F062D46BD29007116D0 /* Main.storyboard in Resources */ = {isa = PBXBuildFile; fileRef = C7C78F042D46BD29007116D0 /* Main.storyboard */; };
		C7C78F092D46BD29007116D0 /* MisNotas.xcdatamodeld in Sources */ = {isa = PBXBuildFile; fileRef = C7C78F072D46BD29007116D0 /* MisNotas.xcdatamodeld */; };
		C7C78F0B2D46BD2B007116D0 /* Assets.xcassets in Resources */ = {isa = PBXBuildFile; fileRef = C7C78F0A2D46BD2B007116D0 /* Assets.xcassets */; };
		C7C78F0E2D46BD2B007116D0 /* LaunchScreen.storyboard in Resources */ = {isa = PBXBuildFile; fileRef = C7C78F0C2D46BD2B007116D0 /* LaunchScreen.storyboard */; };
		C7C78F162D46C29C007116D0 /* ListaNotasController.swift in Sources */ = {isa = PBXBuildFile; fileRef = C7C78F152D46C29C007116D0 /* ListaNotasController.swift */; };
		C7C78F182D46CCD6007116D0 /* GestorPicker.swift in Sources */ = {isa = PBXBuildFile; fileRef = C7C78F172D46CCD6007116D0 /* GestorPicker.swift */; };
		C7C78F1A2D46D9ED007116D0 /* Throttler.swift in Sources */ = {isa = PBXBuildFile; fileRef = C7C78F192D46D9ED007116D0 /* Throttler.swift */; };
		C7C78F202D46ED08007116D0 /* ListaNotasCDController.swift in Sources */ = {isa = PBXBuildFile; fileRef = C7C78F1F2D46ED07007116D0 /* ListaNotasCDController.swift */; };
		C7C78F222D46ED3D007116D0 /* Nota+Custom.swift in Sources */ = {isa = PBXBuildFile; fileRef = C7C78F212D46ED3D007116D0 /* Nota+Custom.swift */; };
/* End PBXBuildFile section */

/* Begin PBXFileReference section */
		C7C78EFB2D46BD29007116D0 /* MisNotas.app */ = {isa = PBXFileReference; explicitFileType = wrapper.application; includeInIndex = 0; path = MisNotas.app; sourceTree = BUILT_PRODUCTS_DIR; };
		C7C78EFE2D46BD29007116D0 /* AppDelegate.swift */ = {isa = PBXFileReference; lastKnownFileType = sourcecode.swift; path = AppDelegate.swift; sourceTree = "<group>"; };
		C7C78F002D46BD29007116D0 /* SceneDelegate.swift */ = {isa = PBXFileReference; lastKnownFileType = sourcecode.swift; path = SceneDelegate.swift; sourceTree = "<group>"; };
		C7C78F022D46BD29007116D0 /* ViewController.swift */ = {isa = PBXFileReference; lastKnownFileType = sourcecode.swift; path = ViewController.swift; sourceTree = "<group>"; };
		C7C78F052D46BD29007116D0 /* Base */ = {isa = PBXFileReference; lastKnownFileType = file.storyboard; name = Base; path = Base.lproj/Main.storyboard; sourceTree = "<group>"; };
		C7C78F082D46BD29007116D0 /* MisNotas.xcdatamodel */ = {isa = PBXFileReference; lastKnownFileType = wrapper.xcdatamodel; path = MisNotas.xcdatamodel; sourceTree = "<group>"; };
		C7C78F0A2D46BD2B007116D0 /* Assets.xcassets */ = {isa = PBXFileReference; lastKnownFileType = folder.assetcatalog; path = Assets.xcassets; sourceTree = "<group>"; };
		C7C78F0D2D46BD2B007116D0 /* Base */ = {isa = PBXFileReference; lastKnownFileType = file.storyboard; name = Base; path = Base.lproj/LaunchScreen.storyboard; sourceTree = "<group>"; };
		C7C78F0F2D46BD2B007116D0 /* Info.plist */ = {isa = PBXFileReference; lastKnownFileType = text.plist.xml; path = Info.plist; sourceTree = "<group>"; };
		C7C78F152D46C29C007116D0 /* ListaNotasController.swift */ = {isa = PBXFileReference; lastKnownFileType = sourcecode.swift; path = ListaNotasController.swift; sourceTree = "<group>"; };
		C7C78F172D46CCD6007116D0 /* GestorPicker.swift */ = {isa = PBXFileReference; lastKnownFileType = sourcecode.swift; path = GestorPicker.swift; sourceTree = "<group>"; };
		C7C78F192D46D9ED007116D0 /* Throttler.swift */ = {isa = PBXFileReference; lastKnownFileType = sourcecode.swift; path = Throttler.swift; sourceTree = "<group>"; };
		C7C78F1F2D46ED07007116D0 /* ListaNotasCDController.swift */ = {isa = PBXFileReference; lastKnownFileType = sourcecode.swift; path = ListaNotasCDController.swift; sourceTree = "<group>"; };
		C7C78F212D46ED3D007116D0 /* Nota+Custom.swift */ = {isa = PBXFileReference; lastKnownFileType = sourcecode.swift; path = "Nota+Custom.swift"; sourceTree = "<group>"; };
		C7C78F232D46F258007116D0 /* MisNotasNuevo.xcdatamodel */ = {isa = PBXFileReference; lastKnownFileType = wrapper.xcdatamodel; path = MisNotasNuevo.xcdatamodel; sourceTree = "<group>"; };
/* End PBXFileReference section */

/* Begin PBXFrameworksBuildPhase section */
		C7C78EF82D46BD29007116D0 /* Frameworks */ = {
			isa = PBXFrameworksBuildPhase;
			buildActionMask = 2147483647;
			files = (
			);
			runOnlyForDeploymentPostprocessing = 0;
		};
/* End PBXFrameworksBuildPhase section */

/* Begin PBXGroup section */
		C7C78EF22D46BD29007116D0 = {
			isa = PBXGroup;
			children = (
				C7C78F1F2D46ED07007116D0 /* ListaNotasCDController.swift */,
				C7C78F212D46ED3D007116D0 /* Nota+Custom.swift */,
				C7C78F192D46D9ED007116D0 /* Throttler.swift */,
				C7C78F172D46CCD6007116D0 /* GestorPicker.swift */,
				C7C78F152D46C29C007116D0 /* ListaNotasController.swift */,
				C7C78EFD2D46BD29007116D0 /* MisNotas */,
				C7C78EFC2D46BD29007116D0 /* Products */,
			);
			sourceTree = "<group>";
		};
		C7C78EFC2D46BD29007116D0 /* Products */ = {
			isa = PBXGroup;
			children = (
				C7C78EFB2D46BD29007116D0 /* MisNotas.app */,
			);
			name = Products;
			sourceTree = "<group>";
		};
		C7C78EFD2D46BD29007116D0 /* MisNotas */ = {
			isa = PBXGroup;
			children = (
				C7C78EFE2D46BD29007116D0 /* AppDelegate.swift */,
				C7C78F002D46BD29007116D0 /* SceneDelegate.swift */,
				C7C78F022D46BD29007116D0 /* ViewController.swift */,
				C7C78F042D46BD29007116D0 /* Main.storyboard */,
				C7C78F0A2D46BD2B007116D0 /* Assets.xcassets */,
				C7C78F0C2D46BD2B007116D0 /* LaunchScreen.storyboard */,
				C7C78F0F2D46BD2B007116D0 /* Info.plist */,
				C7C78F072D46BD29007116D0 /* MisNotas.xcdatamodeld */,
			);
			path = MisNotas;
			sourceTree = "<group>";
		};
/* End PBXGroup section */

/* Begin PBXNativeTarget section */
		C7C78EFA2D46BD29007116D0 /* MisNotas */ = {
			isa = PBXNativeTarget;
			buildConfigurationList = C7C78F122D46BD2B007116D0 /* Build configuration list for PBXNativeTarget "MisNotas" */;
			buildPhases = (
				C7C78EF72D46BD29007116D0 /* Sources */,
				C7C78EF82D46BD29007116D0 /* Frameworks */,
				C7C78EF92D46BD29007116D0 /* Resources */,
			);
			buildRules = (
			);
			dependencies = (
			);
			name = MisNotas;
			productName = MisNotas;
			productReference = C7C78EFB2D46BD29007116D0 /* MisNotas.app */;
			productType = "com.apple.product-type.application";
		};
/* End PBXNativeTarget section */

/* Begin PBXProject section */
		C7C78EF32D46BD29007116D0 /* Project object */ = {
			isa = PBXProject;
			attributes = {
				BuildIndependentTargetsInParallel = 1;
				LastSwiftUpdateCheck = 1420;
				LastUpgradeCheck = 1420;
				TargetAttributes = {
					C7C78EFA2D46BD29007116D0 = {
						CreatedOnToolsVersion = 14.2;
					};
				};
			};
			buildConfigurationList = C7C78EF62D46BD29007116D0 /* Build configuration list for PBXProject "MisNotas" */;
			compatibilityVersion = "Xcode 14.0";
			developmentRegion = en;
			hasScannedForEncodings = 0;
			knownRegions = (
				en,
				Base,
			);
			mainGroup = C7C78EF22D46BD29007116D0;
			productRefGroup = C7C78EFC2D46BD29007116D0 /* Products */;
			projectDirPath = "";
			projectRoot = "";
			targets = (
				C7C78EFA2D46BD29007116D0 /* MisNotas */,
			);
		};
/* End PBXProject section */

/* Begin PBXResourcesBuildPhase section */
		C7C78EF92D46BD29007116D0 /* Resources */ = {
			isa = PBXResourcesBuildPhase;
			buildActionMask = 2147483647;
			files = (
				C7C78F0E2D46BD2B007116D0 /* LaunchScreen.storyboard in Resources */,
				C7C78F0B2D46BD2B007116D0 /* Assets.xcassets in Resources */,
				C7C78F062D46BD29007116D0 /* Main.storyboard in Resources */,
			);
			runOnlyForDeploymentPostprocessing = 0;
		};
/* End PBXResourcesBuildPhase section */

/* Begin PBXSourcesBuildPhase section */
		C7C78EF72D46BD29007116D0 /* Sources */ = {
			isa = PBXSourcesBuildPhase;
			buildActionMask = 2147483647;
			files = (
				C7C78F032D46BD29007116D0 /* ViewController.swift in Sources */,
				C7C78EFF2D46BD29007116D0 /* AppDelegate.swift in Sources */,
				C7C78F1A2D46D9ED007116D0 /* Throttler.swift in Sources */,
				C7C78F162D46C29C007116D0 /* ListaNotasController.swift in Sources */,
				C7C78F202D46ED08007116D0 /* ListaNotasCDController.swift in Sources */,
				C7C78F222D46ED3D007116D0 /* Nota+Custom.swift in Sources */,
				C7C78F012D46BD29007116D0 /* SceneDelegate.swift in Sources */,
				C7C78F092D46BD29007116D0 /* MisNotas.xcdatamodeld in Sources */,
				C7C78F182D46CCD6007116D0 /* GestorPicker.swift in Sources */,
			);
			runOnlyForDeploymentPostprocessing = 0;
		};
/* End PBXSourcesBuildPhase section */

/* Begin PBXVariantGroup section */
		C7C78F042D46BD29007116D0 /* Main.storyboard */ = {
			isa = PBXVariantGroup;
			children = (
				C7C78F052D46BD29007116D0 /* Base */,
			);
			name = Main.storyboard;
			sourceTree = "<group>";
		};
		C7C78F0C2D46BD2B007116D0 /* LaunchScreen.storyboard */ = {
			isa = PBXVariantGroup;
			children = (
				C7C78F0D2D46BD2B007116D0 /* Base */,
			);
			name = LaunchScreen.storyboard;
			sourceTree = "<group>";
		};
/* End PBXVariantGroup section */

/* Begin XCBuildConfiguration section */
		C7C78F102D46BD2B007116D0 /* Debug */ = {
			isa = XCBuildConfiguration;
			buildSettings = {
				ALWAYS_SEARCH_USER_PATHS = NO;
				CLANG_ANALYZER_NONNULL = YES;
				CLANG_ANALYZER_NUMBER_OBJECT_CONVERSION = YES_AGGRESSIVE;
				CLANG_CXX_LANGUAGE_STANDARD = "gnu++20";
				CLANG_ENABLE_MODULES = YES;
				CLANG_ENABLE_OBJC_ARC = YES;
				CLANG_ENABLE_OBJC_WEAK = YES;
				CLANG_WARN_BLOCK_CAPTURE_AUTORELEASING = YES;
				CLANG_WARN_BOOL_CONVERSION = YES;
				CLANG_WARN_COMMA = YES;
				CLANG_WARN_CONSTANT_CONVERSION = YES;
				CLANG_WARN_DEPRECATED_OBJC_IMPLEMENTATIONS = YES;
				CLANG_WARN_DIRECT_OBJC_ISA_USAGE = YES_ERROR;
				CLANG_WARN_DOCUMENTATION_COMMENTS = YES;
				CLANG_WARN_EMPTY_BODY = YES;
				CLANG_WARN_ENUM_CONVERSION = YES;
				CLANG_WARN_INFINITE_RECURSION = YES;
				CLANG_WARN_INT_CONVERSION = YES;
				CLANG_WARN_NON_LITERAL_NULL_CONVERSION = YES;
				CLANG_WARN_OBJC_IMPLICIT_RETAIN_SELF = YES;
				CLANG_WARN_OBJC_LITERAL_CONVERSION = YES;
				CLANG_WARN_OBJC_ROOT_CLASS = YES_ERROR;
				CLANG_WARN_QUOTED_INCLUDE_IN_FRAMEWORK_HEADER = YES;
				CLANG_WARN_RANGE_LOOP_ANALYSIS = YES;
				CLANG_WARN_STRICT_PROTOTYPES = YES;
				CLANG_WARN_SUSPICIOUS_MOVE = YES;
				CLANG_WARN_UNGUARDED_AVAILABILITY = YES_AGGRESSIVE;
				CLANG_WARN_UNREACHABLE_CODE = YES;
				CLANG_WARN__DUPLICATE_METHOD_MATCH = YES;
				COPY_PHASE_STRIP = NO;
				DEBUG_INFORMATION_FORMAT = dwarf;
				ENABLE_STRICT_OBJC_MSGSEND = YES;
				ENABLE_TESTABILITY = YES;
				GCC_C_LANGUAGE_STANDARD = gnu11;
				GCC_DYNAMIC_NO_PIC = NO;
				GCC_NO_COMMON_BLOCKS = YES;
				GCC_OPTIMIZATION_LEVEL = 0;
				GCC_PREPROCESSOR_DEFINITIONS = (
					"DEBUG=1",
					"$(inherited)",
				);
				GCC_WARN_64_TO_32_BIT_CONVERSION = YES;
				GCC_WARN_ABOUT_RETURN_TYPE = YES_ERROR;
				GCC_WARN_UNDECLARED_SELECTOR = YES;
				GCC_WARN_UNINITIALIZED_AUTOS = YES_AGGRESSIVE;
				GCC_WARN_UNUSED_FUNCTION = YES;
				GCC_WARN_UNUSED_VARIABLE = YES;
				IPHONEOS_DEPLOYMENT_TARGET = 16.2;
				MTL_ENABLE_DEBUG_INFO = INCLUDE_SOURCE;
				MTL_FAST_MATH = YES;
				ONLY_ACTIVE_ARCH = YES;
				SDKROOT = iphoneos;
				SWIFT_ACTIVE_COMPILATION_CONDITIONS = DEBUG;
				SWIFT_OPTIMIZATION_LEVEL = "-Onone";
			};
			name = Debug;
		};
		C7C78F112D46BD2B007116D0 /* Release */ = {
			isa = XCBuildConfiguration;
			buildSettings = {
				ALWAYS_SEARCH_USER_PATHS = NO;
				CLANG_ANALYZER_NONNULL = YES;
				CLANG_ANALYZER_NUMBER_OBJECT_CONVERSION = YES_AGGRESSIVE;
				CLANG_CXX_LANGUAGE_STANDARD = "gnu++20";
				CLANG_ENABLE_MODULES = YES;
				CLANG_ENABLE_OBJC_ARC = YES;
				CLANG_ENABLE_OBJC_WEAK = YES;
				CLANG_WARN_BLOCK_CAPTURE_AUTORELEASING = YES;
				CLANG_WARN_BOOL_CONVERSION = YES;
				CLANG_WARN_COMMA = YES;
				CLANG_WARN_CONSTANT_CONVERSION = YES;
				CLANG_WARN_DEPRECATED_OBJC_IMPLEMENTATIONS = YES;
				CLANG_WARN_DIRECT_OBJC_ISA_USAGE = YES_ERROR;
				CLANG_WARN_DOCUMENTATION_COMMENTS = YES;
				CLANG_WARN_EMPTY_BODY = YES;
				CLANG_WARN_ENUM_CONVERSION = YES;
				CLANG_WARN_INFINITE_RECURSION = YES;
				CLANG_WARN_INT_CONVERSION = YES;
				CLANG_WARN_NON_LITERAL_NULL_CONVERSION = YES;
				CLANG_WARN_OBJC_IMPLICIT_RETAIN_SELF = YES;
				CLANG_WARN_OBJC_LITERAL_CONVERSION = YES;
				CLANG_WARN_OBJC_ROOT_CLASS = YES_ERROR;
				CLANG_WARN_QUOTED_INCLUDE_IN_FRAMEWORK_HEADER = YES;
				CLANG_WARN_RANGE_LOOP_ANALYSIS = YES;
				CLANG_WARN_STRICT_PROTOTYPES = YES;
				CLANG_WARN_SUSPICIOUS_MOVE = YES;
				CLANG_WARN_UNGUARDED_AVAILABILITY = YES_AGGRESSIVE;
				CLANG_WARN_UNREACHABLE_CODE = YES;
				CLANG_WARN__DUPLICATE_METHOD_MATCH = YES;
				COPY_PHASE_STRIP = NO;
				DEBUG_INFORMATION_FORMAT = "dwarf-with-dsym";
				ENABLE_NS_ASSERTIONS = NO;
				ENABLE_STRICT_OBJC_MSGSEND = YES;
				GCC_C_LANGUAGE_STANDARD = gnu11;
				GCC_NO_COMMON_BLOCKS = YES;
				GCC_WARN_64_TO_32_BIT_CONVERSION = YES;
				GCC_WARN_ABOUT_RETURN_TYPE = YES_ERROR;
				GCC_WARN_UNDECLARED_SELECTOR = YES;
				GCC_WARN_UNINITIALIZED_AUTOS = YES_AGGRESSIVE;
				GCC_WARN_UNUSED_FUNCTION = YES;
				GCC_WARN_UNUSED_VARIABLE = YES;
				IPHONEOS_DEPLOYMENT_TARGET = 16.2;
				MTL_ENABLE_DEBUG_INFO = NO;
				MTL_FAST_MATH = YES;
				SDKROOT = iphoneos;
				SWIFT_COMPILATION_MODE = wholemodule;
				SWIFT_OPTIMIZATION_LEVEL = "-O";
				VALIDATE_PRODUCT = YES;
			};
			name = Release;
		};
		C7C78F132D46BD2B007116D0 /* Debug */ = {
			isa = XCBuildConfiguration;
			buildSettings = {
				ASSETCATALOG_COMPILER_APPICON_NAME = AppIcon;
				ASSETCATALOG_COMPILER_GLOBAL_ACCENT_COLOR_NAME = AccentColor;
				CODE_SIGN_STYLE = Automatic;
				CURRENT_PROJECT_VERSION = 1;
				GENERATE_INFOPLIST_FILE = YES;
				INFOPLIST_FILE = MisNotas/Info.plist;
				INFOPLIST_KEY_UIApplicationSupportsIndirectInputEvents = YES;
				INFOPLIST_KEY_UILaunchStoryboardName = LaunchScreen;
				INFOPLIST_KEY_UIMainStoryboardFile = Main;
				INFOPLIST_KEY_UISupportedInterfaceOrientations_iPad = "UIInterfaceOrientationPortrait UIInterfaceOrientationPortraitUpsideDown UIInterfaceOrientationLandscapeLeft UIInterfaceOrientationLandscapeRight";
				INFOPLIST_KEY_UISupportedInterfaceOrientations_iPhone = "UIInterfaceOrientationPortrait UIInterfaceOrientationLandscapeLeft UIInterfaceOrientationLandscapeRight";
				LD_RUNPATH_SEARCH_PATHS = (
					"$(inherited)",
					"@executable_path/Frameworks",
				);
				MARKETING_VERSION = 1.0;
				PRODUCT_BUNDLE_IDENTIFIER = es.ua.mastermoviles.MisNotas;
				PRODUCT_NAME = "$(TARGET_NAME)";
				SWIFT_EMIT_LOC_STRINGS = YES;
				SWIFT_VERSION = 5.0;
				TARGETED_DEVICE_FAMILY = "1,2";
			};
			name = Debug;
		};
		C7C78F142D46BD2B007116D0 /* Release */ = {
			isa = XCBuildConfiguration;
			buildSettings = {
				ASSETCATALOG_COMPILER_APPICON_NAME = AppIcon;
				ASSETCATALOG_COMPILER_GLOBAL_ACCENT_COLOR_NAME = AccentColor;
				CODE_SIGN_STYLE = Automatic;
				CURRENT_PROJECT_VERSION = 1;
				GENERATE_INFOPLIST_FILE = YES;
				INFOPLIST_FILE = MisNotas/Info.plist;
				INFOPLIST_KEY_UIApplicationSupportsIndirectInputEvents = YES;
				INFOPLIST_KEY_UILaunchStoryboardName = LaunchScreen;
				INFOPLIST_KEY_UIMainStoryboardFile = Main;
				INFOPLIST_KEY_UISupportedInterfaceOrientations_iPad = "UIInterfaceOrientationPortrait UIInterfaceOrientationPortraitUpsideDown UIInterfaceOrientationLandscapeLeft UIInterfaceOrientationLandscapeRight";
				INFOPLIST_KEY_UISupportedInterfaceOrientations_iPhone = "UIInterfaceOrientationPortrait UIInterfaceOrientationLandscapeLeft UIInterfaceOrientationLandscapeRight";
				LD_RUNPATH_SEARCH_PATHS = (
					"$(inherited)",
					"@executable_path/Frameworks",
				);
				MARKETING_VERSION = 1.0;
				PRODUCT_BUNDLE_IDENTIFIER = es.ua.mastermoviles.MisNotas;
				PRODUCT_NAME = "$(TARGET_NAME)";
				SWIFT_EMIT_LOC_STRINGS = YES;
				SWIFT_VERSION = 5.0;
				TARGETED_DEVICE_FAMILY = "1,2";
			};
			name = Release;
		};
/* End XCBuildConfiguration section */

/* Begin XCConfigurationList section */
		C7C78EF62D46BD29007116D0 /* Build configuration list for PBXProject "MisNotas" */ = {
			isa = XCConfigurationList;
			buildConfigurations = (
				C7C78F102D46BD2B007116D0 /* Debug */,
				C7C78F112D46BD2B007116D0 /* Release */,
			);
			defaultConfigurationIsVisible = 0;
			defaultConfigurationName = Release;
		};
		C7C78F122D46BD2B007116D0 /* Build configuration list for PBXNativeTarget "MisNotas" */ = {
			isa = XCConfigurationList;
			buildConfigurations = (
				C7C78F132D46BD2B007116D0 /* Debug */,
				C7C78F142D46BD2B007116D0 /* Release */,
			);
			defaultConfigurationIsVisible = 0;
			defaultConfigurationName = Release;
		};
/* End XCConfigurationList section */

/* Begin XCVersionGroup section */
		C7C78F072D46BD29007116D0 /* MisNotas.xcdatamodeld */ = {
			isa = XCVersionGroup;
			children = (
				C7C78F232D46F258007116D0 /* MisNotasNuevo.xcdatamodel */,
				C7C78F082D46BD29007116D0 /* MisNotas.xcdatamodel */,
			);
			currentVersion = C7C78F232D46F258007116D0 /* MisNotasNuevo.xcdatamodel */;
			path = MisNotas.xcdatamodeld;
			sourceTree = "<group>";
			versionGroupType = wrapper.xcdatamodel;
		};
/* End XCVersionGroup section */
	};
	rootObject = C7C78EF32D46BD29007116D0 /* Project object */;
}
